
Microsoft Visual Studio Solution File, Format Version 12.00
# Visual Studio Version 16
VisualStudioVersion = 16.0.31911.196
MinimumVisualStudioVersion = 10.0.40219.1
Project("{FAE04EC0-301F-11D3-BF4B-00C04F79EFBC}") = "Broot.Web", "Broot.Web\Broot.Web.csproj", "{18339FD2-61E1-4453-968C-666518B1761C}"
EndProject
Project("{FAE04EC0-301F-11D3-BF4B-00C04F79EFBC}") = "Broot.API", "Broot.API\Broot.API.csproj", "{87302C91-C068-471D-94F3-9C49E499F5B9}"
EndProject
Project("{FAE04EC0-301F-11D3-BF4B-00C04F79EFBC}") = "Broot.DB", "Broot.DB\Broot.DB.csproj", "{0F999C0E-2BC9-49E8-AFDD-F4BFE7C5881F}"
EndProject
Project("{FAE04EC0-301F-11D3-BF4B-00C04F79EFBC}") = "Broot.Model", "Broot.Model\Broot.Model.csproj", "{A51F9804-8BB5-4552-8DFB-BE911C89BAF2}"
EndProject
Project("{FAE04EC0-301F-11D3-BF4B-00C04F79EFBC}") = "Broot.Core", "Broot.Core\Broot.Core.csproj", "{A0C219D3-18AC-4089-964B-71F3276BF948}"
EndProject
Project("{FAE04EC0-301F-11D3-BF4B-00C04F79EFBC}") = "Broot.Service", "Broot.Service\Broot.Service.csproj", "{5CBAA448-E370-4FF5-8CEE-F321D70FDA65}"
EndProject
Project("{FAE04EC0-301F-11D3-BF4B-00C04F79EFBC}") = "Broot.Admin", "Broot.Admin\Broot.Admin.csproj", "{78876BC3-2A47-41DC-AD66-2B8F9ECD61A6}"
EndProject
Global
	GlobalSection(SolutionConfigurationPlatforms) = preSolution
		Debug|Any CPU = Debug|Any CPU
		Release|Any CPU = Release|Any CPU
	EndGlobalSection
	GlobalSection(ProjectConfigurationPlatforms) = postSolution
		{18339FD2-61E1-4453-968C-666518B1761C}.Debug|Any CPU.ActiveCfg = Debug|Any CPU
		{18339FD2-61E1-4453-968C-666518B1761C}.Debug|Any CPU.Build.0 = Debug|Any CPU
		{18339FD2-61E1-4453-968C-666518B1761C}.Release|Any CPU.ActiveCfg = Release|Any CPU
		{18339FD2-61E1-4453-968C-666518B1761C}.Release|Any CPU.Build.0 = Release|Any CPU
		{87302C91-C068-471D-94F3-9C49E499F5B9}.Debug|Any CPU.ActiveCfg = Debug|Any CPU
		{87302C91-C068-471D-94F3-9C49E499F5B9}.Debug|Any CPU.Build.0 = Debug|Any CPU
		{87302C91-C068-471D-94F3-9C49E499F5B9}.Release|Any CPU.ActiveCfg = Release|Any CPU
		{87302C91-C068-471D-94F3-9C49E499F5B9}.Release|Any CPU.Build.0 = Release|Any CPU
		{0F999C0E-2BC9-49E8-AFDD-F4BFE7C5881F}.Debug|Any CPU.ActiveCfg = Debug|Any CPU
		{0F999C0E-2BC9-49E8-AFDD-F4BFE7C5881F}.Debug|Any CPU.Build.0 = Debug|Any CPU
		{0F999C0E-2BC9-49E8-AFDD-F4BFE7C5881F}.Release|Any CPU.ActiveCfg = Release|Any CPU
		{0F999C0E-2BC9-49E8-AFDD-F4BFE7C5881F}.Release|Any CPU.Build.0 = Release|Any CPU
		{A51F9804-8BB5-4552-8DFB-BE911C89BAF2}.Debug|Any CPU.ActiveCfg = Debug|Any CPU
		{A51F9804-8BB5-4552-8DFB-BE911C89BAF2}.Debug|Any CPU.Build.0 = Debug|Any CPU
		{A51F9804-8BB5-4552-8DFB-BE911C89BAF2}.Release|Any CPU.ActiveCfg = Release|Any CPU
		{A51F9804-8BB5-4552-8DFB-BE911C89BAF2}.Release|Any CPU.Build.0 = Release|Any CPU
		{A0C219D3-18AC-4089-964B-71F3276BF948}.Debug|Any CPU.ActiveCfg = Debug|Any CPU
		{A0C219D3-18AC-4089-964B-71F3276BF948}.Debug|Any CPU.Build.0 = Debug|Any CPU
		{A0C219D3-18AC-4089-964B-71F3276BF948}.Release|Any CPU.ActiveCfg = Release|Any CPU
		{A0C219D3-18AC-4089-964B-71F3276BF948}.Release|Any CPU.Build.0 = Release|Any CPU
		{5CBAA448-E370-4FF5-8CEE-F321D70FDA65}.Debug|Any CPU.ActiveCfg = Debug|Any CPU
		{5CBAA448-E370-4FF5-8CEE-F321D70FDA65}.Debug|Any CPU.Build.0 = Debug|Any CPU
		{5CBAA448-E370-4FF5-8CEE-F321D70FDA65}.Release|Any CPU.ActiveCfg = Release|Any CPU
		{5CBAA448-E370-4FF5-8CEE-F321D70FDA65}.Release|Any CPU.Build.0 = Release|Any CPU
		{78876BC3-2A47-41DC-AD66-2B8F9ECD61A6}.Debug|Any CPU.ActiveCfg = Debug|Any CPU
		{78876BC3-2A47-41DC-AD66-2B8F9ECD61A6}.Debug|Any CPU.Build.0 = Debug|Any CPU
		{78876BC3-2A47-41DC-AD66-2B8F9ECD61A6}.Release|Any CPU.ActiveCfg = Release|Any CPU
		{78876BC3-2A47-41DC-AD66-2B8F9ECD61A6}.Release|Any CPU.Build.0 = Release|Any CPU
	EndGlobalSection
	GlobalSection(SolutionProperties) = preSolution
		HideSolutionNode = FALSE
	EndGlobalSection
	GlobalSection(ExtensibilityGlobals) = postSolution
		SolutionGuid = {C2877C70-9F72-46D1-8C27-E8DFAE1F1D21}
	EndGlobalSection
EndGlobal
